
Microsoft Visual Studio Solution File, Format Version 12.00
# Visual Studio Version 16
VisualStudioVersion = 16.0.30523.141
MinimumVisualStudioVersion = 10.0.40219.1
Project("{FAE04EC0-301F-11D3-BF4B-00C04F79EFBC}") = "MemoEngineCore", "MemoEngineCore\MemoEngineCore.csproj", "{A569D629-A6CE-4D98-AB5C-539E74EEA07C}"
EndProject
Global
	GlobalSection(SolutionConfigurationPlatforms) = preSolution
		Debug|Any CPU = Debug|Any CPU
		Release|Any CPU = Release|Any CPU
	EndGlobalSection
	GlobalSection(ProjectConfigurationPlatforms) = postSolution
		{A569D629-A6CE-4D98-AB5C-539E74EEA07C}.Debug|Any CPU.ActiveCfg = Debug|Any CPU
		{A569D629-A6CE-4D98-AB5C-539E74EEA07C}.Debug|Any CPU.Build.0 = Debug|Any CPU
		{A569D629-A6CE-4D98-AB5C-539E74EEA07C}.Release|Any CPU.ActiveCfg = Release|Any CPU
		{A569D629-A6CE-4D98-AB5C-539E74EEA07C}.Release|Any CPU.Build.0 = Release|Any CPU
	EndGlobalSection
	GlobalSection(SolutionProperties) = preSolution
		HideSolutionNode = FALSE
	EndGlobalSection
	GlobalSection(ExtensibilityGlobals) = postSolution
		SolutionGuid = {8CEF11F6-A105-44D7-8943-0A206A52AC62}
	EndGlobalSection
EndGlobal
